
Microsoft Visual Studio Solution File, Format Version 12.00
# Visual Studio Version 17
VisualStudioVersion = 17.14.36310.24 d17.14
MinimumVisualStudioVersion = 10.0.40219.1
Project("{FAE04EC0-301F-11D3-BF4B-00C04F79EFBC}") = "SIMSWebApp", "SIMSWebApp\SIMSWebApp.csproj", "{64B161E6-8259-4D78-A53C-FEBD44468A8D}"
EndProject
Global
	GlobalSection(SolutionConfigurationPlatforms) = preSolution
		Debug|Any CPU = Debug|Any CPU
		Release|Any CPU = Release|Any CPU
	EndGlobalSection
	GlobalSection(ProjectConfigurationPlatforms) = postSolution
		{64B161E6-8259-4D78-A53C-FEBD44468A8D}.Debug|Any CPU.ActiveCfg = Debug|Any CPU
		{64B161E6-8259-4D78-A53C-FEBD44468A8D}.Debug|Any CPU.Build.0 = Debug|Any CPU
		{64B161E6-8259-4D78-A53C-FEBD44468A8D}.Release|Any CPU.ActiveCfg = Release|Any CPU
		{64B161E6-8259-4D78-A53C-FEBD44468A8D}.Release|Any CPU.Build.0 = Release|Any CPU
	EndGlobalSection
	GlobalSection(SolutionProperties) = preSolution
		HideSolutionNode = FALSE
	EndGlobalSection
	GlobalSection(ExtensibilityGlobals) = postSolution
		SolutionGuid = {9F5FA792-9FC4-4DE7-A8A2-B2D47C2ACAE5}
	EndGlobalSection
EndGlobal
